<Solution>
  <Folder Name="/eng/">
    <Project Path="eng/Moonlark.Native.Engineering/Moonlark.Native.Engineering.csproj" />
  </Folder>
  <Folder Name="/samples/">
    <Project Path="samples/Moonlark.Libchdr.QuickStart/Moonlark.Libchdr.QuickStart.csproj" />
  </Folder>
  <Folder Name="/src/">
    <Project Path="src/Moonlark.Libchdr/Moonlark.Libchdr.csproj" />
    <Project Path="src/Moonlark.Libchdr.Native/Moonlark.Libchdr.Native.csproj" />
  </Folder>
  <Folder Name="/tests/">
    <Project Path="tests/Moonlark.Libchdr.Benchmarks/Moonlark.Libchdr.Benchmarks.csproj" />
    <Project Path="tests/Moonlark.Libchdr.CorpusRunner/Moonlark.Libchdr.CorpusRunner.csproj" />
    <Project Path="tests/Moonlark.Libchdr.Tests/Moonlark.Libchdr.Tests.csproj" />
    <Project Path="tests/Moonlark.Native.Engineering.Tests/Moonlark.Native.Engineering.Tests.csproj" />
  </Folder>
</Solution>
